{
  "name": "shopify-tools",
  "version": "1.0.0",
  "lockfileVersion": 1,
  "requires": true,
  "dependencies": {
    "@segment/loosely-validate-event": {
      "version": "1.1.2",
      "resolved": "https://registry.npmjs.org/@segment/loosely-validate-event/-/loosely-validate-event-1.1.2.tgz",
      "integrity": "sha1-13hAmZ4/fkPnSzsNQzkcFSb3k7g=",
      "requires": {
        "component-type": "1.2.1",
        "join-component": "1.1.0"
      }
    },
    "analytics-node": {
      "version": "3.2.0",
      "resolved": "https://registry.npmjs.org/analytics-node/-/analytics-node-3.2.0.tgz",
      "integrity": "sha1-exOAyxp13yBkY4K95jmV/E+ShT8=",
      "requires": {
        "@segment/loosely-validate-event": "1.1.2",
        "axios": "0.16.2",
        "axios-retry": "3.0.1",
        "commander": "2.13.0",
        "crypto-token": "1.0.1",
        "lodash.isstring": "4.0.1",
        "ms": "2.0.0",
        "remove-trailing-slash": "0.1.0"
      },
      "dependencies": {
        "axios": {
          "version": "0.16.2",
          "resolved": "https://registry.npmjs.org/axios/-/axios-0.16.2.tgz",
          "integrity": "sha1-uk+S8XFn37q0CYN4VFS5rBScPG0=",
          "requires": {
            "follow-redirects": "1.4.0",
            "is-buffer": "1.1.6"
          }
        }
      }
    },
    "axios": {
      "version": "0.17.1",
      "resolved": "https://registry.npmjs.org/axios/-/axios-0.17.1.tgz",
      "integrity": "sha1-LY4+XQvb1zJ/kbyBT1xXZg+Bgk0=",
      "requires": {
        "follow-redirects": "1.4.0",
        "is-buffer": "1.1.6"
      }
    },
    "axios-retry": {
      "version": "3.0.1",
      "resolved": "https://registry.npmjs.org/axios-retry/-/axios-retry-3.0.1.tgz",
      "integrity": "sha1-UZMFsK40to1n/ZLkXl8YBXh5/r0=",
      "requires": {
        "is-retry-allowed": "1.1.0"
      }
    },
    "commander": {
      "version": "2.13.0",
      "resolved": "https://registry.npmjs.org/commander/-/commander-2.13.0.tgz",
      "integrity": "sha512-MVuS359B+YzaWqjCL/c+22gfryv+mCBPHAv3zyVI2GN8EY6IRP8VwtasXn8jyyhvvq84R4ImN1OKRtcbIasjYA=="
    },
    "component-type": {
      "version": "1.2.1",
      "resolved": "https://registry.npmjs.org/component-type/-/component-type-1.2.1.tgz",
      "integrity": "sha1-ikeQFwAjjk/DIml3EjAibyS0Fak="
    },
    "crypto-token": {
      "version": "1.0.1",
      "resolved": "https://registry.npmjs.org/crypto-token/-/crypto-token-1.0.1.tgz",
      "integrity": "sha1-J8ZIL687Y8L12hFXf4MENG/nl6U="
    },
    "csv": {
      "version": "2.0.0",
      "resolved": "https://registry.npmjs.org/csv/-/csv-2.0.0.tgz",
      "integrity": "sha1-DVHY+j7OJ4tUCfeVcX/PzVrOmz4=",
      "requires": {
        "csv-generate": "2.0.0",
        "csv-parse": "2.0.0",
        "csv-stringify": "2.0.1",
        "stream-transform": "1.0.0"
      }
    },
    "csv-generate": {
      "version": "2.0.0",
      "resolved": "https://registry.npmjs.org/csv-generate/-/csv-generate-2.0.0.tgz",
      "integrity": "sha1-q0/cMNtc5niwfVOITGn6VFYYslw="
    },
    "csv-parse": {
      "version": "2.0.0",
      "resolved": "https://registry.npmjs.org/csv-parse/-/csv-parse-2.0.0.tgz",
      "integrity": "sha1-TqIslzIzmH8HaIxgGi1GAjT/VtE="
    },
    "csv-stringify": {
      "version": "2.0.1",
      "resolved": "https://registry.npmjs.org/csv-stringify/-/csv-stringify-2.0.1.tgz",
      "integrity": "sha512-qoWgXJHmANfwIZFogezZjfN7KeaALrSe2zA5velb2tVEx0r7tgVuMfideB5gq12x5Z7LkvgOayXplOwlKcXnKQ==",
      "requires": {
        "lodash.get": "4.4.2"
      }
    },
    "debug": {
      "version": "3.1.0",
      "resolved": "https://registry.npmjs.org/debug/-/debug-3.1.0.tgz",
      "integrity": "sha512-OX8XqP7/1a9cqkxYw2yXss15f26NKWBpDXQd0/uK/KPqdQhxbPa994hnzjcE2VqQpDslf55723cKPUOGSmMY3g==",
      "requires": {
        "ms": "2.0.0"
      }
    },
    "dotenv": {
      "version": "4.0.0",
      "resolved": "https://registry.npmjs.org/dotenv/-/dotenv-4.0.0.tgz",
      "integrity": "sha1-hk7xN5rO1Vzm+V3r7NzhefegzR0="
    },
    "follow-redirects": {
      "version": "1.4.0",
      "resolved": "https://registry.npmjs.org/follow-redirects/-/follow-redirects-1.4.0.tgz",
      "integrity": "sha512-SLUmsiaGeQa2qgJJzJgHpQ6lARP3uyVr0SkMryJmoE86XvUeM7RkYD5FT0rNyjCV5zHlNUpcp3l/6oUkqMEOqg==",
      "requires": {
        "debug": "3.1.0"
      }
    },
    "is-buffer": {
      "version": "1.1.6",
      "resolved": "https://registry.npmjs.org/is-buffer/-/is-buffer-1.1.6.tgz",
      "integrity": "sha512-NcdALwpXkTm5Zvvbk7owOUSvVvBKDgKP5/ewfXEznmQFfs4ZRmanOeKBTjRVjka3QFoN6XJ+9F3USqfHqTaU5w=="
    },
    "is-retry-allowed": {
      "version": "1.1.0",
      "resolved": "https://registry.npmjs.org/is-retry-allowed/-/is-retry-allowed-1.1.0.tgz",
      "integrity": "sha1-EaBgVotnM5REAz0BJaYaINVk+zQ="
    },
    "join-component": {
      "version": "1.1.0",
      "resolved": "https://registry.npmjs.org/join-component/-/join-component-1.1.0.tgz",
      "integrity": "sha1-uEF7dQZho5K+4sJTfGiyqdSXfNU="
    },
    "lodash.get": {
      "version": "4.4.2",
      "resolved": "https://registry.npmjs.org/lodash.get/-/lodash.get-4.4.2.tgz",
      "integrity": "sha1-LRd/ZS+jHpObRDjVNBSZ36OCXpk="
    },
    "lodash.isstring": {
      "version": "4.0.1",
      "resolved": "https://registry.npmjs.org/lodash.isstring/-/lodash.isstring-4.0.1.tgz",
      "integrity": "sha1-1SfftUVuynzJu5XV2ur4i6VKVFE="
    },
    "ms": {
      "version": "2.0.0",
      "resolved": "https://registry.npmjs.org/ms/-/ms-2.0.0.tgz",
      "integrity": "sha1-VgiurfwAvmwpAd9fmGF4jeDVl8g="
    },
    "remove-trailing-slash": {
      "version": "0.1.0",
      "resolved": "https://registry.npmjs.org/remove-trailing-slash/-/remove-trailing-slash-0.1.0.tgz",
      "integrity": "sha1-FJjl3wmEwn5Jt26/Boh8otARUNI="
    },
    "stream-transform": {
      "version": "1.0.0",
      "resolved": "https://registry.npmjs.org/stream-transform/-/stream-transform-1.0.0.tgz",
      "integrity": "sha1-1O84aRPW7BAgUrx1/AUWlHqWHxA="
    }
  }
}
